
Microsoft Visual Studio Solution File, Format Version 12.00
# Visual Studio Version 17
VisualStudioVersion = 17.10.34928.147
MinimumVisualStudioVersion = 10.0.40219.1
Project("{FAE04EC0-301F-11D3-BF4B-00C04F79EFBC}") = "EntityFramework-01", "EntityFramework-01\EntityFramework-01.csproj", "{17EC5C09-24B5-43BB-A1D2-5A009D82AAAB}"
EndProject
Global
	GlobalSection(SolutionConfigurationPlatforms) = preSolution
		Debug|Any CPU = Debug|Any CPU
		Release|Any CPU = Release|Any CPU
	EndGlobalSection
	GlobalSection(ProjectConfigurationPlatforms) = postSolution
		{17EC5C09-24B5-43BB-A1D2-5A009D82AAAB}.Debug|Any CPU.ActiveCfg = Debug|Any CPU
		{17EC5C09-24B5-43BB-A1D2-5A009D82AAAB}.Debug|Any CPU.Build.0 = Debug|Any CPU
		{17EC5C09-24B5-43BB-A1D2-5A009D82AAAB}.Release|Any CPU.ActiveCfg = Release|Any CPU
		{17EC5C09-24B5-43BB-A1D2-5A009D82AAAB}.Release|Any CPU.Build.0 = Release|Any CPU
	EndGlobalSection
	GlobalSection(SolutionProperties) = preSolution
		HideSolutionNode = FALSE
	EndGlobalSection
	GlobalSection(ExtensibilityGlobals) = postSolution
		SolutionGuid = {8CAC80B7-DAEB-47D5-AADF-0279CD1EE248}
	EndGlobalSection
EndGlobal
